
Microsoft Visual Studio Solution File, Format Version 12.00
# Visual Studio Version 17
VisualStudioVersion = 17.5.33502.453
MinimumVisualStudioVersion = 10.0.40219.1
Project("{9A19103F-16F7-4668-BE54-9A1E7A4F7556}") = "StackCalculator", "hw_2.2\StackCalculator.csproj", "{C504DB92-8B58-4802-98FF-F590C5D578B3}"
EndProject
Global
	GlobalSection(SolutionConfigurationPlatforms) = preSolution
		Debug|Any CPU = Debug|Any CPU
		Release|Any CPU = Release|Any CPU
	EndGlobalSection
	GlobalSection(ProjectConfigurationPlatforms) = postSolution
		{C504DB92-8B58-4802-98FF-F590C5D578B3}.Debug|Any CPU.ActiveCfg = Debug|Any CPU
		{C504DB92-8B58-4802-98FF-F590C5D578B3}.Debug|Any CPU.Build.0 = Debug|Any CPU
		{C504DB92-8B58-4802-98FF-F590C5D578B3}.Release|Any CPU.ActiveCfg = Release|Any CPU
		{C504DB92-8B58-4802-98FF-F590C5D578B3}.Release|Any CPU.Build.0 = Release|Any CPU
	EndGlobalSection
	GlobalSection(SolutionProperties) = preSolution
		HideSolutionNode = FALSE
	EndGlobalSection
	GlobalSection(ExtensibilityGlobals) = postSolution
		SolutionGuid = {96BE4B48-A5B0-4E86-85D6-1D36935615A2}
	EndGlobalSection
EndGlobal
