
Microsoft Visual Studio Solution File, Format Version 12.00
# Visual Studio Version 17
VisualStudioVersion = 17.5.33502.453
MinimumVisualStudioVersion = 10.0.40219.1
Project("{9A19103F-16F7-4668-BE54-9A1E7A4F7556}") = "ArithmeticTree", "ArithmeticTree\ArithmeticTree.csproj", "{FC495E71-B586-4988-83E8-E1709D2F640F}"
EndProject
Project("{FAE04EC0-301F-11D3-BF4B-00C04F79EFBC}") = "TreeTests", "TreeTests\TreeTests.csproj", "{C09BDCF9-26E8-4C9B-8029-99048F98E44A}"
EndProject
Global
	GlobalSection(SolutionConfigurationPlatforms) = preSolution
		Debug|Any CPU = Debug|Any CPU
		Release|Any CPU = Release|Any CPU
	EndGlobalSection
	GlobalSection(ProjectConfigurationPlatforms) = postSolution
		{FC495E71-B586-4988-83E8-E1709D2F640F}.Debug|Any CPU.ActiveCfg = Debug|Any CPU
		{FC495E71-B586-4988-83E8-E1709D2F640F}.Debug|Any CPU.Build.0 = Debug|Any CPU
		{FC495E71-B586-4988-83E8-E1709D2F640F}.Release|Any CPU.ActiveCfg = Release|Any CPU
		{FC495E71-B586-4988-83E8-E1709D2F640F}.Release|Any CPU.Build.0 = Release|Any CPU
		{C09BDCF9-26E8-4C9B-8029-99048F98E44A}.Debug|Any CPU.ActiveCfg = Debug|Any CPU
		{C09BDCF9-26E8-4C9B-8029-99048F98E44A}.Debug|Any CPU.Build.0 = Debug|Any CPU
		{C09BDCF9-26E8-4C9B-8029-99048F98E44A}.Release|Any CPU.ActiveCfg = Release|Any CPU
		{C09BDCF9-26E8-4C9B-8029-99048F98E44A}.Release|Any CPU.Build.0 = Release|Any CPU
	EndGlobalSection
	GlobalSection(SolutionProperties) = preSolution
		HideSolutionNode = FALSE
	EndGlobalSection
	GlobalSection(ExtensibilityGlobals) = postSolution
		SolutionGuid = {BBE0AFE3-6CA0-44C3-BCCD-E7EAF0ECEC89}
	EndGlobalSection
EndGlobal
