
Microsoft Visual Studio Solution File, Format Version 12.00
# Visual Studio Version 17
VisualStudioVersion = 17.5.33502.453
MinimumVisualStudioVersion = 10.0.40219.1
Project("{9A19103F-16F7-4668-BE54-9A1E7A4F7556}") = "ConsoleGame", "ConsoleGame\ConsoleGame.csproj", "{4D6ECE05-0C29-45FC-B366-32E6B94AEB6E}"
EndProject
Project("{FAE04EC0-301F-11D3-BF4B-00C04F79EFBC}") = "ConsoleGameTests", "ConsoleGameTests\ConsoleGameTests.csproj", "{423BA722-735D-4677-AFD7-C007ABD07A4C}"
EndProject
Global
	GlobalSection(SolutionConfigurationPlatforms) = preSolution
		Debug|Any CPU = Debug|Any CPU
		Release|Any CPU = Release|Any CPU
	EndGlobalSection
	GlobalSection(ProjectConfigurationPlatforms) = postSolution
		{4D6ECE05-0C29-45FC-B366-32E6B94AEB6E}.Debug|Any CPU.ActiveCfg = Debug|Any CPU
		{4D6ECE05-0C29-45FC-B366-32E6B94AEB6E}.Debug|Any CPU.Build.0 = Debug|Any CPU
		{4D6ECE05-0C29-45FC-B366-32E6B94AEB6E}.Release|Any CPU.ActiveCfg = Release|Any CPU
		{4D6ECE05-0C29-45FC-B366-32E6B94AEB6E}.Release|Any CPU.Build.0 = Release|Any CPU
		{423BA722-735D-4677-AFD7-C007ABD07A4C}.Debug|Any CPU.ActiveCfg = Debug|Any CPU
		{423BA722-735D-4677-AFD7-C007ABD07A4C}.Debug|Any CPU.Build.0 = Debug|Any CPU
		{423BA722-735D-4677-AFD7-C007ABD07A4C}.Release|Any CPU.ActiveCfg = Release|Any CPU
		{423BA722-735D-4677-AFD7-C007ABD07A4C}.Release|Any CPU.Build.0 = Release|Any CPU
	EndGlobalSection
	GlobalSection(SolutionProperties) = preSolution
		HideSolutionNode = FALSE
	EndGlobalSection
	GlobalSection(ExtensibilityGlobals) = postSolution
		SolutionGuid = {A4B602CE-887A-4F65-9E1E-68EF74DD7829}
	EndGlobalSection
EndGlobal
