
Microsoft Visual Studio Solution File, Format Version 12.00
# Visual Studio Version 17
VisualStudioVersion = 17.5.33502.453
MinimumVisualStudioVersion = 10.0.40219.1
Project("{9A19103F-16F7-4668-BE54-9A1E7A4F7556}") = "LZW", "LZW\LZW.csproj", "{8AB6B3A5-C986-4586-99B0-3A1610DF0A03}"
EndProject
Project("{FAE04EC0-301F-11D3-BF4B-00C04F79EFBC}") = "LZWTests", "LZWTests\LZWTests.csproj", "{577E3C1E-101E-4671-8005-A3D45F778D83}"
EndProject
Global
	GlobalSection(SolutionConfigurationPlatforms) = preSolution
		Debug|Any CPU = Debug|Any CPU
		Release|Any CPU = Release|Any CPU
	EndGlobalSection
	GlobalSection(ProjectConfigurationPlatforms) = postSolution
		{8AB6B3A5-C986-4586-99B0-3A1610DF0A03}.Debug|Any CPU.ActiveCfg = Debug|Any CPU
		{8AB6B3A5-C986-4586-99B0-3A1610DF0A03}.Debug|Any CPU.Build.0 = Debug|Any CPU
		{8AB6B3A5-C986-4586-99B0-3A1610DF0A03}.Release|Any CPU.ActiveCfg = Release|Any CPU
		{8AB6B3A5-C986-4586-99B0-3A1610DF0A03}.Release|Any CPU.Build.0 = Release|Any CPU
		{577E3C1E-101E-4671-8005-A3D45F778D83}.Debug|Any CPU.ActiveCfg = Debug|Any CPU
		{577E3C1E-101E-4671-8005-A3D45F778D83}.Debug|Any CPU.Build.0 = Debug|Any CPU
		{577E3C1E-101E-4671-8005-A3D45F778D83}.Release|Any CPU.ActiveCfg = Release|Any CPU
		{577E3C1E-101E-4671-8005-A3D45F778D83}.Release|Any CPU.Build.0 = Release|Any CPU
	EndGlobalSection
	GlobalSection(SolutionProperties) = preSolution
		HideSolutionNode = FALSE
	EndGlobalSection
	GlobalSection(ExtensibilityGlobals) = postSolution
		SolutionGuid = {E7A4EAC8-1AA2-49D7-970F-E816D9DFB8AE}
	EndGlobalSection
EndGlobal
